
Microsoft Visual Studio Solution File, Format Version 12.00
# Visual Studio Version 17
VisualStudioVersion = 17.7.34031.279
MinimumVisualStudioVersion = 10.0.40219.1
Project("{FAE04EC0-301F-11D3-BF4B-00C04F79EFBC}") = "carRace", "carRace.csproj", "{79C2CBE2-9F19-4001-967B-071A259C6F08}"
EndProject
Global
	GlobalSection(SolutionConfigurationPlatforms) = preSolution
		Debug|Any CPU = Debug|Any CPU
		Release|Any CPU = Release|Any CPU
	EndGlobalSection
	GlobalSection(ProjectConfigurationPlatforms) = postSolution
		{79C2CBE2-9F19-4001-967B-071A259C6F08}.Debug|Any CPU.ActiveCfg = Debug|Any CPU
		{79C2CBE2-9F19-4001-967B-071A259C6F08}.Debug|Any CPU.Build.0 = Debug|Any CPU
		{79C2CBE2-9F19-4001-967B-071A259C6F08}.Release|Any CPU.ActiveCfg = Release|Any CPU
		{79C2CBE2-9F19-4001-967B-071A259C6F08}.Release|Any CPU.Build.0 = Release|Any CPU
	EndGlobalSection
	GlobalSection(SolutionProperties) = preSolution
		HideSolutionNode = FALSE
	EndGlobalSection
	GlobalSection(ExtensibilityGlobals) = postSolution
		SolutionGuid = {AC40D625-2632-412A-A855-45B0A1D5DDC7}
	EndGlobalSection
EndGlobal
